
Microsoft Visual Studio Solution File, Format Version 12.00
# Visual Studio Version 17
VisualStudioVersion = 17.3.32825.248
MinimumVisualStudioVersion = 10.0.40219.1
Project("{FAE04EC0-301F-11D3-BF4B-00C04F79EFBC}") = "SelectionStatements2", "SelectionStatements2\SelectionStatements2.csproj", "{5E6D791B-B379-4E4E-9144-A9D5A29DBD4B}"
EndProject
Global
	GlobalSection(SolutionConfigurationPlatforms) = preSolution
		Debug|Any CPU = Debug|Any CPU
		Release|Any CPU = Release|Any CPU
	EndGlobalSection
	GlobalSection(ProjectConfigurationPlatforms) = postSolution
		{5E6D791B-B379-4E4E-9144-A9D5A29DBD4B}.Debug|Any CPU.ActiveCfg = Debug|Any CPU
		{5E6D791B-B379-4E4E-9144-A9D5A29DBD4B}.Debug|Any CPU.Build.0 = Debug|Any CPU
		{5E6D791B-B379-4E4E-9144-A9D5A29DBD4B}.Release|Any CPU.ActiveCfg = Release|Any CPU
		{5E6D791B-B379-4E4E-9144-A9D5A29DBD4B}.Release|Any CPU.Build.0 = Release|Any CPU
	EndGlobalSection
	GlobalSection(SolutionProperties) = preSolution
		HideSolutionNode = FALSE
	EndGlobalSection
	GlobalSection(ExtensibilityGlobals) = postSolution
		SolutionGuid = {A2646B6A-F834-49B3-880A-97A33FE98B0D}
	EndGlobalSection
EndGlobal
